{
  "name": "private_chachapacket",
  "version": "1.0.1",
  "lockfileVersion": 1,
  "requires": true,
  "dependencies": {
    "napi-thread-safe-callback": {
      "version": "0.0.6",
      "resolved": "https://registry.npmjs.org/napi-thread-safe-callback/-/napi-thread-safe-callback-0.0.6.tgz",
      "integrity": "sha512-X7uHCOCdY4u0yamDxDrv3jF2NtYc8A1nvPzBQgvpoSX+WB3jAe2cVNsY448V1ucq7Whf9Wdy02HEUoLW5rJKWg=="
    },
    "node-addon-api": {
      "version": "3.2.1",
      "resolved": "https://registry.npmjs.org/node-addon-api/-/node-addon-api-3.2.1.tgz",
      "integrity": "sha512-mmcei9JghVNDYydghQmeDX8KoAm0FAiYyIcUt/N4nhyAipB17pllZQDOJD2fotxABnt4Mdz+dKTO7eftLg4d0A=="
    }
  }
}
